// !$*UTF8*$!
{
	archiveVersion = 1;
	classes = {
	};
	objectVersion = 50;
	objects = {

/* Begin PBXBuildFile section */
		AB69FC20263B401B0012249A /* Hello_WorldApp.swift in Sources */ = {isa = PBXBuildFile; fileRef = AB69FC0D263B400E0012249A /* Hello_WorldApp.swift */; };
		AB69FC21263B401B0012249A /* Hello_WorldApp.swift in Sources */ = {isa = PBXBuildFile; fileRef = AB69FC0D263B400E0012249A /* Hello_WorldApp.swift */; };
		AB69FC22263B401B0012249A /* ContentView.swift in Sources */ = {isa = PBXBuildFile; fileRef = AB69FC0E263B400E0012249A /* ContentView.swift */; };
		AB69FC23263B401B0012249A /* ContentView.swift in Sources */ = {isa = PBXBuildFile; fileRef = AB69FC0E263B400E0012249A /* ContentView.swift */; };
		AB69FC24263B401B0012249A /* Assets.xcassets in Resources */ = {isa = PBXBuildFile; fileRef = AB69FC0F263B401B0012249A /* Assets.xcassets */; };
		AB69FC25263B401B0012249A /* Assets.xcassets in Resources */ = {isa = PBXBuildFile; fileRef = AB69FC0F263B401B0012249A /* Assets.xcassets */; };
/* End PBXBuildFile section */

/* Begin PBXFileReference section */
		AB69FC0D263B400E0012249A /* Hello_WorldApp.swift */ = {isa = PBXFileReference; lastKnownFileType = sourcecode.swift; path = Hello_WorldApp.swift; sourceTree = "<group>"; };
		AB69FC0E263B400E0012249A /* ContentView.swift */ = {isa = PBXFileReference; lastKnownFileType = sourcecode.swift; path = ContentView.swift; sourceTree = "<group>"; };
		AB69FC0F263B401B0012249A /* Assets.xcassets */ = {isa = PBXFileReference; lastKnownFileType = folder.assetcatalog; path = Assets.xcassets; sourceTree = "<group>"; };
		AB69FC14263B401B0012249A /* Hello-World.app */ = {isa = PBXFileReference; explicitFileType = wrapper.application; includeInIndex = 0; path = "Hello-World.app"; sourceTree = BUILT_PRODUCTS_DIR; };
		AB69FC17263B401B0012249A /* Info.plist */ = {isa = PBXFileReference; lastKnownFileType = text.plist.xml; path = Info.plist; sourceTree = "<group>"; };
		AB69FC1C263B401B0012249A /* Hello-World.app */ = {isa = PBXFileReference; explicitFileType = wrapper.application; includeInIndex = 0; path = "Hello-World.app"; sourceTree = BUILT_PRODUCTS_DIR; };
		AB69FC1E263B401B0012249A /* Info.plist */ = {isa = PBXFileReference; lastKnownFileType = text.plist.xml; path = Info.plist; sourceTree = "<group>"; };
		AB69FC1F263B401B0012249A /* macOS.entitlements */ = {isa = PBXFileReference; lastKnownFileType = text.plist.entitlements; path = macOS.entitlements; sourceTree = "<group>"; };
/* End PBXFileReference section */

/* Begin PBXFrameworksBuildPhase section */
		AB69FC11263B401B0012249A /* Frameworks */ = {
			isa = PBXFrameworksBuildPhase;
			buildActionMask = 2147483647;
			files = (
			);
			runOnlyForDeploymentPostprocessing = 0;
		};
		AB69FC19263B401B0012249A /* Frameworks */ = {
			isa = PBXFrameworksBuildPhase;
			buildActionMask = 2147483647;
			files = (
			);
			runOnlyForDeploymentPostprocessing = 0;
		};
/* End PBXFrameworksBuildPhase section */

/* Begin PBXGroup section */
		AB69FC07263B400C0012249A = {
			isa = PBXGroup;
			children = (
				AB69FC0C263B400E0012249A /* Shared */,
				AB69FC16263B401B0012249A /* iOS */,
				AB69FC1D263B401B0012249A /* macOS */,
				AB69FC15263B401B0012249A /* Products */,
			);
			sourceTree = "<group>";
		};
		AB69FC0C263B400E0012249A /* Shared */ = {
			isa = PBXGroup;
			children = (
				AB69FC0D263B400E0012249A /* Hello_WorldApp.swift */,
				AB69FC0E263B400E0012249A /* ContentView.swift */,
				AB69FC0F263B401B0012249A /* Assets.xcassets */,
			);
			path = Shared;
			sourceTree = "<group>";
		};
		AB69FC15263B401B0012249A /* Products */ = {
			isa = PBXGroup;
			children = (
				AB69FC14263B401B0012249A /* Hello-World.app */,
				AB69FC1C263B401B0012249A /* Hello-World.app */,
			);
			name = Products;
			sourceTree = "<group>";
		};
		AB69FC16263B401B0012249A /* iOS */ = {
			isa = PBXGroup;
			children = (
				AB69FC17263B401B0012249A /* Info.plist */,
			);
			path = iOS;
			sourceTree = "<group>";
		};
		AB69FC1D263B401B0012249A /* macOS */ = {
			isa = PBXGroup;
			children = (
				AB69FC1E263B401B0012249A /* Info.plist */,
				AB69FC1F263B401B0012249A /* macOS.entitlements */,
			);
			path = macOS;
			sourceTree = "<group>";
		};
/* End PBXGroup section */

/* Begin PBXNativeTarget section */
		AB69FC13263B401B0012249A /* Hello-World (iOS) */ = {
			isa = PBXNativeTarget;
			buildConfigurationList = AB69FC28263B401B0012249A /* Build configuration list for PBXNativeTarget "Hello-World (iOS)" */;
			buildPhases = (
				AB69FC10263B401B0012249A /* Sources */,
				AB69FC11263B401B0012249A /* Frameworks */,
				AB69FC12263B401B0012249A /* Resources */,
			);
			buildRules = (
			);
			dependencies = (
			);
			name = "Hello-World (iOS)";
			productName = "Hello-World (iOS)";
			productReference = AB69FC14263B401B0012249A /* Hello-World.app */;
			productType = "com.apple.product-type.application";
		};
		AB69FC1B263B401B0012249A /* Hello-World (macOS) */ = {
			isa = PBXNativeTarget;
			buildConfigurationList = AB69FC2B263B401B0012249A /* Build configuration list for PBXNativeTarget "Hello-World (macOS)" */;
			buildPhases = (
				AB69FC18263B401B0012249A /* Sources */,
				AB69FC19263B401B0012249A /* Frameworks */,
				AB69FC1A263B401B0012249A /* Resources */,
			);
			buildRules = (
			);
			dependencies = (
			);
			name = "Hello-World (macOS)";
			productName = "Hello-World (macOS)";
			productReference = AB69FC1C263B401B0012249A /* Hello-World.app */;
			productType = "com.apple.product-type.application";
		};
/* End PBXNativeTarget section */

/* Begin PBXProject section */
		AB69FC08263B400C0012249A /* Project object */ = {
			isa = PBXProject;
			attributes = {
				LastSwiftUpdateCheck = 1250;
				LastUpgradeCheck = 1250;
				TargetAttributes = {
					AB69FC13263B401B0012249A = {
						CreatedOnToolsVersion = 12.5;
					};
					AB69FC1B263B401B0012249A = {
						CreatedOnToolsVersion = 12.5;
					};
				};
			};
			buildConfigurationList = AB69FC0B263B400C0012249A /* Build configuration list for PBXProject "Hello-World" */;
			compatibilityVersion = "Xcode 9.3";
			developmentRegion = en;
			hasScannedForEncodings = 0;
			knownRegions = (
				en,
				Base,
			);
			mainGroup = AB69FC07263B400C0012249A;
			productRefGroup = AB69FC15263B401B0012249A /* Products */;
			projectDirPath = "";
			projectRoot = "";
			targets = (
				AB69FC13263B401B0012249A /* Hello-World (iOS) */,
				AB69FC1B263B401B0012249A /* Hello-World (macOS) */,
			);
		};
/* End PBXProject section */

/* Begin PBXResourcesBuildPhase section */
		AB69FC12263B401B0012249A /* Resources */ = {
			isa = PBXResourcesBuildPhase;
			buildActionMask = 2147483647;
			files = (
				AB69FC24263B401B0012249A /* Assets.xcassets in Resources */,
			);
			runOnlyForDeploymentPostprocessing = 0;
		};
		AB69FC1A263B401B0012249A /* Resources */ = {
			isa = PBXResourcesBuildPhase;
			buildActionMask = 2147483647;
			files = (
				AB69FC25263B401B0012249A /* Assets.xcassets in Resources */,
			);
			runOnlyForDeploymentPostprocessing = 0;
		};
/* End PBXResourcesBuildPhase section */

/* Begin PBXSourcesBuildPhase section */
		AB69FC10263B401B0012249A /* Sources */ = {
			isa = PBXSourcesBuildPhase;
			buildActionMask = 2147483647;
			files = (
				AB69FC22263B401B0012249A /* ContentView.swift in Sources */,
				AB69FC20263B401B0012249A /* Hello_WorldApp.swift in Sources */,
			);
			runOnlyForDeploymentPostprocessing = 0;
		};
		AB69FC18263B401B0012249A /* Sources */ = {
			isa = PBXSourcesBuildPhase;
			buildActionMask = 2147483647;
			files = (
				AB69FC23263B401B0012249A /* ContentView.swift in Sources */,
				AB69FC21263B401B0012249A /* Hello_WorldApp.swift in Sources */,
			);
			runOnlyForDeploymentPostprocessing = 0;
		};
/* End PBXSourcesBuildPhase section */

/* Begin XCBuildConfiguration section */
		AB69FC26263B401B0012249A /* Debug */ = {
			isa = XCBuildConfiguration;
			buildSettings = {
				ALWAYS_SEARCH_USER_PATHS = NO;
				CLANG_ANALYZER_NONNULL = YES;
				CLANG_ANALYZER_NUMBER_OBJECT_CONVERSION = YES_AGGRESSIVE;
				CLANG_CXX_LANGUAGE_STANDARD = "gnu++14";
				CLANG_CXX_LIBRARY = "libc++";
				CLANG_ENABLE_MODULES = YES;
				CLANG_ENABLE_OBJC_ARC = YES;
				CLANG_ENABLE_OBJC_WEAK = YES;
				CLANG_WARN_BLOCK_CAPTURE_AUTORELEASING = YES;
				CLANG_WARN_BOOL_CONVERSION = YES;
				CLANG_WARN_COMMA = YES;
				CLANG_WARN_CONSTANT_CONVERSION = YES;
				CLANG_WARN_DEPRECATED_OBJC_IMPLEMENTATIONS = YES;
				CLANG_WARN_DIRECT_OBJC_ISA_USAGE = YES_ERROR;
				CLANG_WARN_DOCUMENTATION_COMMENTS = YES;
				CLANG_WARN_EMPTY_BODY = YES;
				CLANG_WARN_ENUM_CONVERSION = YES;
				CLANG_WARN_INFINITE_RECURSION = YES;
				CLANG_WARN_INT_CONVERSION = YES;
				CLANG_WARN_NON_LITERAL_NULL_CONVERSION = YES;
				CLANG_WARN_OBJC_IMPLICIT_RETAIN_SELF = YES;
				CLANG_WARN_OBJC_LITERAL_CONVERSION = YES;
				CLANG_WARN_OBJC_ROOT_CLASS = YES_ERROR;
				CLANG_WARN_QUOTED_INCLUDE_IN_FRAMEWORK_HEADER = YES;
				CLANG_WARN_RANGE_LOOP_ANALYSIS = YES;
				CLANG_WARN_STRICT_PROTOTYPES = YES;
				CLANG_WARN_SUSPICIOUS_MOVE = YES;
				CLANG_WARN_UNGUARDED_AVAILABILITY = YES_AGGRESSIVE;
				CLANG_WARN_UNREACHABLE_CODE = YES;
				CLANG_WARN__DUPLICATE_METHOD_MATCH = YES;
				COPY_PHASE_STRIP = NO;
				DEBUG_INFORMATION_FORMAT = dwarf;
				ENABLE_STRICT_OBJC_MSGSEND = YES;
				ENABLE_TESTABILITY = YES;
				GCC_C_LANGUAGE_STANDARD = gnu11;
				GCC_DYNAMIC_NO_PIC = NO;
				GCC_NO_COMMON_BLOCKS = YES;
				GCC_OPTIMIZATION_LEVEL = 0;
				GCC_PREPROCESSOR_DEFINITIONS = (
					"DEBUG=1",
					"$(inherited)",
				);
				GCC_WARN_64_TO_32_BIT_CONVERSION = YES;
				GCC_WARN_ABOUT_RETURN_TYPE = YES_ERROR;
				GCC_WARN_UNDECLARED_SELECTOR = YES;
				GCC_WARN_UNINITIALIZED_AUTOS = YES_AGGRESSIVE;
				GCC_WARN_UNUSED_FUNCTION = YES;
				GCC_WARN_UNUSED_VARIABLE = YES;
				MTL_ENABLE_DEBUG_INFO = INCLUDE_SOURCE;
				MTL_FAST_MATH = YES;
				ONLY_ACTIVE_ARCH = YES;
				SWIFT_ACTIVE_COMPILATION_CONDITIONS = DEBUG;
				SWIFT_OPTIMIZATION_LEVEL = "-Onone";
			};
			name = Debug;
		};
		AB69FC27263B401B0012249A /* Release */ = {
			isa = XCBuildConfiguration;
			buildSettings = {
				ALWAYS_SEARCH_USER_PATHS = NO;
				CLANG_ANALYZER_NONNULL = YES;
				CLANG_ANALYZER_NUMBER_OBJECT_CONVERSION = YES_AGGRESSIVE;
				CLANG_CXX_LANGUAGE_STANDARD = "gnu++14";
				CLANG_CXX_LIBRARY = "libc++";
				CLANG_ENABLE_MODULES = YES;
				CLANG_ENABLE_OBJC_ARC = YES;
				CLANG_ENABLE_OBJC_WEAK = YES;
				CLANG_WARN_BLOCK_CAPTURE_AUTORELEASING = YES;
				CLANG_WARN_BOOL_CONVERSION = YES;
				CLANG_WARN_COMMA = YES;
				CLANG_WARN_CONSTANT_CONVERSION = YES;
				CLANG_WARN_DEPRECATED_OBJC_IMPLEMENTATIONS = YES;
				CLANG_WARN_DIRECT_OBJC_ISA_USAGE = YES_ERROR;
				CLANG_WARN_DOCUMENTATION_COMMENTS = YES;
				CLANG_WARN_EMPTY_BODY = YES;
				CLANG_WARN_ENUM_CONVERSION = YES;
				CLANG_WARN_INFINITE_RECURSION = YES;
				CLANG_WARN_INT_CONVERSION = YES;
				CLANG_WARN_NON_LITERAL_NULL_CONVERSION = YES;
				CLANG_WARN_OBJC_IMPLICIT_RETAIN_SELF = YES;
				CLANG_WARN_OBJC_LITERAL_CONVERSION = YES;
				CLANG_WARN_OBJC_ROOT_CLASS = YES_ERROR;
				CLANG_WARN_QUOTED_INCLUDE_IN_FRAMEWORK_HEADER = YES;
				CLANG_WARN_RANGE_LOOP_ANALYSIS = YES;
				CLANG_WARN_STRICT_PROTOTYPES = YES;
				CLANG_WARN_SUSPICIOUS_MOVE = YES;
				CLANG_WARN_UNGUARDED_AVAILABILITY = YES_AGGRESSIVE;
				CLANG_WARN_UNREACHABLE_CODE = YES;
				CLANG_WARN__DUPLICATE_METHOD_MATCH = YES;
				COPY_PHASE_STRIP = NO;
				DEBUG_INFORMATION_FORMAT = "dwarf-with-dsym";
				ENABLE_NS_ASSERTIONS = NO;
				ENABLE_STRICT_OBJC_MSGSEND = YES;
				GCC_C_LANGUAGE_STANDARD = gnu11;
				GCC_NO_COMMON_BLOCKS = YES;
				GCC_WARN_64_TO_32_BIT_CONVERSION = YES;
				GCC_WARN_ABOUT_RETURN_TYPE = YES_ERROR;
				GCC_WARN_UNDECLARED_SELECTOR = YES;
				GCC_WARN_UNINITIALIZED_AUTOS = YES_AGGRESSIVE;
				GCC_WARN_UNUSED_FUNCTION = YES;
				GCC_WARN_UNUSED_VARIABLE = YES;
				MTL_ENABLE_DEBUG_INFO = NO;
				MTL_FAST_MATH = YES;
				SWIFT_COMPILATION_MODE = wholemodule;
				SWIFT_OPTIMIZATION_LEVEL = "-O";
			};
			name = Release;
		};
		AB69FC29263B401B0012249A /* Debug */ = {
			isa = XCBuildConfiguration;
			buildSettings = {
				ASSETCATALOG_COMPILER_APPICON_NAME = AppIcon;
				ASSETCATALOG_COMPILER_GLOBAL_ACCENT_COLOR_NAME = AccentColor;
				CODE_SIGN_STYLE = Automatic;
				DEVELOPMENT_TEAM = FTXK46C9S5;
				ENABLE_PREVIEWS = YES;
				INFOPLIST_FILE = iOS/Info.plist;
				IPHONEOS_DEPLOYMENT_TARGET = 14.0;
				LD_RUNPATH_SEARCH_PATHS = (
					"$(inherited)",
					"@executable_path/Frameworks",
				);
				PRODUCT_BUNDLE_IDENTIFIER = "com.innovativedesigns.Hello-World";
				PRODUCT_NAME = "Hello-World";
				SDKROOT = iphoneos;
				SWIFT_VERSION = 5.0;
				TARGETED_DEVICE_FAMILY = "1,2";
			};
			name = Debug;
		};
		AB69FC2A263B401B0012249A /* Release */ = {
			isa = XCBuildConfiguration;
			buildSettings = {
				ASSETCATALOG_COMPILER_APPICON_NAME = AppIcon;
				ASSETCATALOG_COMPILER_GLOBAL_ACCENT_COLOR_NAME = AccentColor;
				CODE_SIGN_STYLE = Automatic;
				DEVELOPMENT_TEAM = FTXK46C9S5;
				ENABLE_PREVIEWS = YES;
				INFOPLIST_FILE = iOS/Info.plist;
				IPHONEOS_DEPLOYMENT_TARGET = 14.0;
				LD_RUNPATH_SEARCH_PATHS = (
					"$(inherited)",
					"@executable_path/Frameworks",
				);
				PRODUCT_BUNDLE_IDENTIFIER = "com.innovativedesigns.Hello-World";
				PRODUCT_NAME = "Hello-World";
				SDKROOT = iphoneos;
				SWIFT_VERSION = 5.0;
				TARGETED_DEVICE_FAMILY = "1,2";
				VALIDATE_PRODUCT = YES;
			};
			name = Release;
		};
		AB69FC2C263B401B0012249A /* Debug */ = {
			isa = XCBuildConfiguration;
			buildSettings = {
				ASSETCATALOG_COMPILER_APPICON_NAME = AppIcon;
				ASSETCATALOG_COMPILER_GLOBAL_ACCENT_COLOR_NAME = AccentColor;
				CODE_SIGN_ENTITLEMENTS = macOS/macOS.entitlements;
				CODE_SIGN_STYLE = Automatic;
				COMBINE_HIDPI_IMAGES = YES;
				DEVELOPMENT_TEAM = FTXK46C9S5;
				ENABLE_HARDENED_RUNTIME = YES;
				ENABLE_PREVIEWS = YES;
				INFOPLIST_FILE = macOS/Info.plist;
				LD_RUNPATH_SEARCH_PATHS = (
					"$(inherited)",
					"@executable_path/../Frameworks",
				);
				MACOSX_DEPLOYMENT_TARGET = 11.0;
				PRODUCT_BUNDLE_IDENTIFIER = "com.innovativedesigns.Hello-World";
				PRODUCT_NAME = "Hello-World";
				SDKROOT = macosx;
				SWIFT_VERSION = 5.0;
			};
			name = Debug;
		};
		AB69FC2D263B401B0012249A /* Release */ = {
			isa = XCBuildConfiguration;
			buildSettings = {
				ASSETCATALOG_COMPILER_APPICON_NAME = AppIcon;
				ASSETCATALOG_COMPILER_GLOBAL_ACCENT_COLOR_NAME = AccentColor;
				CODE_SIGN_ENTITLEMENTS = macOS/macOS.entitlements;
				CODE_SIGN_STYLE = Automatic;
				COMBINE_HIDPI_IMAGES = YES;
				DEVELOPMENT_TEAM = FTXK46C9S5;
				ENABLE_HARDENED_RUNTIME = YES;
				ENABLE_PREVIEWS = YES;
				INFOPLIST_FILE = macOS/Info.plist;
				LD_RUNPATH_SEARCH_PATHS = (
					"$(inherited)",
					"@executable_path/../Frameworks",
				);
				MACOSX_DEPLOYMENT_TARGET = 11.0;
				PRODUCT_BUNDLE_IDENTIFIER = "com.innovativedesigns.Hello-World";
				PRODUCT_NAME = "Hello-World";
				SDKROOT = macosx;
				SWIFT_VERSION = 5.0;
			};
			name = Release;
		};
/* End XCBuildConfiguration section */

/* Begin XCConfigurationList section */
		AB69FC0B263B400C0012249A /* Build configuration list for PBXProject "Hello-World" */ = {
			isa = XCConfigurationList;
			buildConfigurations = (
				AB69FC26263B401B0012249A /* Debug */,
				AB69FC27263B401B0012249A /* Release */,
			);
			defaultConfigurationIsVisible = 0;
			defaultConfigurationName = Release;
		};
		AB69FC28263B401B0012249A /* Build configuration list for PBXNativeTarget "Hello-World (iOS)" */ = {
			isa = XCConfigurationList;
			buildConfigurations = (
				AB69FC29263B401B0012249A /* Debug */,
				AB69FC2A263B401B0012249A /* Release */,
			);
			defaultConfigurationIsVisible = 0;
			defaultConfigurationName = Release;
		};
		AB69FC2B263B401B0012249A /* Build configuration list for PBXNativeTarget "Hello-World (macOS)" */ = {
			isa = XCConfigurationList;
			buildConfigurations = (
				AB69FC2C263B401B0012249A /* Debug */,
				AB69FC2D263B401B0012249A /* Release */,
			);
			defaultConfigurationIsVisible = 0;
			defaultConfigurationName = Release;
		};
/* End XCConfigurationList section */
	};
	rootObject = AB69FC08263B400C0012249A /* Project object */;
}
